// !$*UTF8*$!
{
	archiveVersion = 1;
	classes = {
	};
	objectVersion = 46;
	objects = {

/* Begin PBXBuildFile section */
		890D5AC61E9B8BBA0022457B /* AppDelegate.swift in Sources */ = {isa = PBXBuildFile; fileRef = 890D5AC51E9B8BBA0022457B /* AppDelegate.swift */; };
		890D5AC81E9B8BBA0022457B /* ViewController.swift in Sources */ = {isa = PBXBuildFile; fileRef = 890D5AC71E9B8BBA0022457B /* ViewController.swift */; };
		890D5ACB1E9B8BBA0022457B /* Main.storyboard in Resources */ = {isa = PBXBuildFile; fileRef = 890D5AC91E9B8BBA0022457B /* Main.storyboard */; };
		890D5ACD1E9B8BBA0022457B /* Assets.xcassets in Resources */ = {isa = PBXBuildFile; fileRef = 890D5ACC1E9B8BBA0022457B /* Assets.xcassets */; };
		890D5AD01E9B8BBA0022457B /* LaunchScreen.storyboard in Resources */ = {isa = PBXBuildFile; fileRef = 890D5ACE1E9B8BBA0022457B /* LaunchScreen.storyboard */; };
/* End PBXBuildFile section */

/* Begin PBXFileReference section */
		890D5AC21E9B8BBA0022457B /* ADSA-Coding-Challenge.app */ = {isa = PBXFileReference; explicitFileType = wrapper.application; includeInIndex = 0; path = "ADSA-Coding-Challenge.app"; sourceTree = BUILT_PRODUCTS_DIR; };
		890D5AC51E9B8BBA0022457B /* AppDelegate.swift */ = {isa = PBXFileReference; lastKnownFileType = sourcecode.swift; path = AppDelegate.swift; sourceTree = "<group>"; };
		890D5AC71E9B8BBA0022457B /* ViewController.swift */ = {isa = PBXFileReference; lastKnownFileType = sourcecode.swift; path = ViewController.swift; sourceTree = "<group>"; };
		890D5ACA1E9B8BBA0022457B /* Base */ = {isa = PBXFileReference; lastKnownFileType = file.storyboard; name = Base; path = Base.lproj/Main.storyboard; sourceTree = "<group>"; };
		890D5ACC1E9B8BBA0022457B /* Assets.xcassets */ = {isa = PBXFileReference; lastKnownFileType = folder.assetcatalog; path = Assets.xcassets; sourceTree = "<group>"; };
		890D5ACF1E9B8BBA0022457B /* Base */ = {isa = PBXFileReference; lastKnownFileType = file.storyboard; name = Base; path = Base.lproj/LaunchScreen.storyboard; sourceTree = "<group>"; };
		890D5AD11E9B8BBA0022457B /* Info.plist */ = {isa = PBXFileReference; lastKnownFileType = text.plist.xml; path = Info.plist; sourceTree = "<group>"; };
/* End PBXFileReference section */

/* Begin PBXFrameworksBuildPhase section */
		890D5ABF1E9B8BBA0022457B /* Frameworks */ = {
			isa = PBXFrameworksBuildPhase;
			buildActionMask = 2147483647;
			files = (
			);
			runOnlyForDeploymentPostprocessing = 0;
		};
/* End PBXFrameworksBuildPhase section */

/* Begin PBXGroup section */
		890D5AB91E9B8BBA0022457B = {
			isa = PBXGroup;
			children = (
				890D5AC41E9B8BBA0022457B /* ADSA-Coding-Challenge */,
				890D5AC31E9B8BBA0022457B /* Products */,
			);
			sourceTree = "<group>";
		};
		890D5AC31E9B8BBA0022457B /* Products */ = {
			isa = PBXGroup;
			children = (
				890D5AC21E9B8BBA0022457B /* ADSA-Coding-Challenge.app */,
			);
			name = Products;
			sourceTree = "<group>";
		};
		890D5AC41E9B8BBA0022457B /* ADSA-Coding-Challenge */ = {
			isa = PBXGroup;
			children = (
				890D5AC51E9B8BBA0022457B /* AppDelegate.swift */,
				890D5AC71E9B8BBA0022457B /* ViewController.swift */,
				890D5AC91E9B8BBA0022457B /* Main.storyboard */,
				890D5ACC1E9B8BBA0022457B /* Assets.xcassets */,
				890D5ACE1E9B8BBA0022457B /* LaunchScreen.storyboard */,
				890D5AD11E9B8BBA0022457B /* Info.plist */,
			);
			path = "ADSA-Coding-Challenge";
			sourceTree = "<group>";
		};
/* End PBXGroup section */

/* Begin PBXNativeTarget section */
		890D5AC11E9B8BBA0022457B /* ADSA-Coding-Challenge */ = {
			isa = PBXNativeTarget;
			buildConfigurationList = 890D5AD41E9B8BBA0022457B /* Build configuration list for PBXNativeTarget "ADSA-Coding-Challenge" */;
			buildPhases = (
				890D5ABE1E9B8BBA0022457B /* Sources */,
				890D5ABF1E9B8BBA0022457B /* Frameworks */,
				890D5AC01E9B8BBA0022457B /* Resources */,
			);
			buildRules = (
			);
			dependencies = (
			);
			name = "ADSA-Coding-Challenge";
			productName = "ADSA-Coding-Challenge";
			productReference = 890D5AC21E9B8BBA0022457B /* ADSA-Coding-Challenge.app */;
			productType = "com.apple.product-type.application";
		};
/* End PBXNativeTarget section */

/* Begin PBXProject section */
		890D5ABA1E9B8BBA0022457B /* Project object */ = {
			isa = PBXProject;
			attributes = {
				LastSwiftUpdateCheck = 0830;
				LastUpgradeCheck = 0830;
				ORGANIZATIONNAME = "Julio Lopez";
				TargetAttributes = {
					890D5AC11E9B8BBA0022457B = {
						CreatedOnToolsVersion = 8.3;
						ProvisioningStyle = Automatic;
					};
				};
			};
			buildConfigurationList = 890D5ABD1E9B8BBA0022457B /* Build configuration list for PBXProject "ADSA-Coding-Challenge" */;
			compatibilityVersion = "Xcode 3.2";
			developmentRegion = English;
			hasScannedForEncodings = 0;
			knownRegions = (
				en,
				Base,
			);
			mainGroup = 890D5AB91E9B8BBA0022457B;
			productRefGroup = 890D5AC31E9B8BBA0022457B /* Products */;
			projectDirPath = "";
			projectRoot = "";
			targets = (
				890D5AC11E9B8BBA0022457B /* ADSA-Coding-Challenge */,
			);
		};
/* End PBXProject section */

/* Begin PBXResourcesBuildPhase section */
		890D5AC01E9B8BBA0022457B /* Resources */ = {
			isa = PBXResourcesBuildPhase;
			buildActionMask = 2147483647;
			files = (
				890D5AD01E9B8BBA0022457B /* LaunchScreen.storyboard in Resources */,
				890D5ACD1E9B8BBA0022457B /* Assets.xcassets in Resources */,
				890D5ACB1E9B8BBA0022457B /* Main.storyboard in Resources */,
			);
			runOnlyForDeploymentPostprocessing = 0;
		};
/* End PBXResourcesBuildPhase section */

/* Begin PBXSourcesBuildPhase section */
		890D5ABE1E9B8BBA0022457B /* Sources */ = {
			isa = PBXSourcesBuildPhase;
			buildActionMask = 2147483647;
			files = (
				890D5AC81E9B8BBA0022457B /* ViewController.swift in Sources */,
				890D5AC61E9B8BBA0022457B /* AppDelegate.swift in Sources */,
			);
			runOnlyForDeploymentPostprocessing = 0;
		};
/* End PBXSourcesBuildPhase section */

/* Begin PBXVariantGroup section */
		890D5AC91E9B8BBA0022457B /* Main.storyboard */ = {
			isa = PBXVariantGroup;
			children = (
				890D5ACA1E9B8BBA0022457B /* Base */,
			);
			name = Main.storyboard;
			sourceTree = "<group>";
		};
		890D5ACE1E9B8BBA0022457B /* LaunchScreen.storyboard */ = {
			isa = PBXVariantGroup;
			children = (
				890D5ACF1E9B8BBA0022457B /* Base */,
			);
			name = LaunchScreen.storyboard;
			sourceTree = "<group>";
		};
/* End PBXVariantGroup section */

/* Begin XCBuildConfiguration section */
		890D5AD21E9B8BBA0022457B /* Debug */ = {
			isa = XCBuildConfiguration;
			buildSettings = {
				ALWAYS_SEARCH_USER_PATHS = NO;
				CLANG_ANALYZER_NONNULL = YES;
				CLANG_ANALYZER_NUMBER_OBJECT_CONVERSION = YES_AGGRESSIVE;
				CLANG_CXX_LANGUAGE_STANDARD = "gnu++0x";
				CLANG_CXX_LIBRARY = "libc++";
				CLANG_ENABLE_MODULES = YES;
				CLANG_ENABLE_OBJC_ARC = YES;
				CLANG_WARN_BOOL_CONVERSION = YES;
				CLANG_WARN_CONSTANT_CONVERSION = YES;
				CLANG_WARN_DIRECT_OBJC_ISA_USAGE = YES_ERROR;
				CLANG_WARN_DOCUMENTATION_COMMENTS = YES;
				CLANG_WARN_EMPTY_BODY = YES;
				CLANG_WARN_ENUM_CONVERSION = YES;
				CLANG_WARN_INFINITE_RECURSION = YES;
				CLANG_WARN_INT_CONVERSION = YES;
				CLANG_WARN_OBJC_ROOT_CLASS = YES_ERROR;
				CLANG_WARN_SUSPICIOUS_MOVE = YES;
				CLANG_WARN_UNREACHABLE_CODE = YES;
				CLANG_WARN__DUPLICATE_METHOD_MATCH = YES;
				"CODE_SIGN_IDENTITY[sdk=iphoneos*]" = "iPhone Developer";
				COPY_PHASE_STRIP = NO;
				DEBUG_INFORMATION_FORMAT = dwarf;
				ENABLE_STRICT_OBJC_MSGSEND = YES;
				ENABLE_TESTABILITY = YES;
				GCC_C_LANGUAGE_STANDARD = gnu99;
				GCC_DYNAMIC_NO_PIC = NO;
				GCC_NO_COMMON_BLOCKS = YES;
				GCC_OPTIMIZATION_LEVEL = 0;
				GCC_PREPROCESSOR_DEFINITIONS = (
					"DEBUG=1",
					"$(inherited)",
				);
				GCC_WARN_64_TO_32_BIT_CONVERSION = YES;
				GCC_WARN_ABOUT_RETURN_TYPE = YES_ERROR;
				GCC_WARN_UNDECLARED_SELECTOR = YES;
				GCC_WARN_UNINITIALIZED_AUTOS = YES_AGGRESSIVE;
				GCC_WARN_UNUSED_FUNCTION = YES;
				GCC_WARN_UNUSED_VARIABLE = YES;
				IPHONEOS_DEPLOYMENT_TARGET = 10.3;
				MTL_ENABLE_DEBUG_INFO = YES;
				ONLY_ACTIVE_ARCH = YES;
				SDKROOT = iphoneos;
				SWIFT_ACTIVE_COMPILATION_CONDITIONS = DEBUG;
				SWIFT_OPTIMIZATION_LEVEL = "-Onone";
				TARGETED_DEVICE_FAMILY = "1,2";
			};
			name = Debug;
		};
		890D5AD31E9B8BBA0022457B /* Release */ = {
			isa = XCBuildConfiguration;
			buildSettings = {
				ALWAYS_SEARCH_USER_PATHS = NO;
				CLANG_ANALYZER_NONNULL = YES;
				CLANG_ANALYZER_NUMBER_OBJECT_CONVERSION = YES_AGGRESSIVE;
				CLANG_CXX_LANGUAGE_STANDARD = "gnu++0x";
				CLANG_CXX_LIBRARY = "libc++";
				CLANG_ENABLE_MODULES = YES;
				CLANG_ENABLE_OBJC_ARC = YES;
				CLANG_WARN_BOOL_CONVERSION = YES;
				CLANG_WARN_CONSTANT_CONVERSION = YES;
				CLANG_WARN_DIRECT_OBJC_ISA_USAGE = YES_ERROR;
				CLANG_WARN_DOCUMENTATION_COMMENTS = YES;
				CLANG_WARN_EMPTY_BODY = YES;
				CLANG_WARN_ENUM_CONVERSION = YES;
				CLANG_WARN_INFINITE_RECURSION = YES;
				CLANG_WARN_INT_CONVERSION = YES;
				CLANG_WARN_OBJC_ROOT_CLASS = YES_ERROR;
				CLANG_WARN_SUSPICIOUS_MOVE = YES;
				CLANG_WARN_UNREACHABLE_CODE = YES;
				CLANG_WARN__DUPLICATE_METHOD_MATCH = YES;
				"CODE_SIGN_IDENTITY[sdk=iphoneos*]" = "iPhone Developer";
				COPY_PHASE_STRIP = NO;
				DEBUG_INFORMATION_FORMAT = "dwarf-with-dsym";
				ENABLE_NS_ASSERTIONS = NO;
				ENABLE_STRICT_OBJC_MSGSEND = YES;
				GCC_C_LANGUAGE_STANDARD = gnu99;
				GCC_NO_COMMON_BLOCKS = YES;
				GCC_WARN_64_TO_32_BIT_CONVERSION = YES;
				GCC_WARN_ABOUT_RETURN_TYPE = YES_ERROR;
				GCC_WARN_UNDECLARED_SELECTOR = YES;
				GCC_WARN_UNINITIALIZED_AUTOS = YES_AGGRESSIVE;
				GCC_WARN_UNUSED_FUNCTION = YES;
				GCC_WARN_UNUSED_VARIABLE = YES;
				IPHONEOS_DEPLOYMENT_TARGET = 10.3;
				MTL_ENABLE_DEBUG_INFO = NO;
				SDKROOT = iphoneos;
				SWIFT_OPTIMIZATION_LEVEL = "-Owholemodule";
				TARGETED_DEVICE_FAMILY = "1,2";
				VALIDATE_PRODUCT = YES;
			};
			name = Release;
		};
		890D5AD51E9B8BBA0022457B /* Debug */ = {
			isa = XCBuildConfiguration;
			buildSettings = {
				ASSETCATALOG_COMPILER_APPICON_NAME = AppIcon;
				INFOPLIST_FILE = "ADSA-Coding-Challenge/Info.plist";
				LD_RUNPATH_SEARCH_PATHS = "$(inherited) @executable_path/Frameworks";
				PRODUCT_BUNDLE_IDENTIFIER = "com.yukasoft.ADSA-Coding-Challenge";
				PRODUCT_NAME = "$(TARGET_NAME)";
				SWIFT_VERSION = 3.0;
			};
			name = Debug;
		};
		890D5AD61E9B8BBA0022457B /* Release */ = {
			isa = XCBuildConfiguration;
			buildSettings = {
				ASSETCATALOG_COMPILER_APPICON_NAME = AppIcon;
				INFOPLIST_FILE = "ADSA-Coding-Challenge/Info.plist";
				LD_RUNPATH_SEARCH_PATHS = "$(inherited) @executable_path/Frameworks";
				PRODUCT_BUNDLE_IDENTIFIER = "com.yukasoft.ADSA-Coding-Challenge";
				PRODUCT_NAME = "$(TARGET_NAME)";
				SWIFT_VERSION = 3.0;
			};
			name = Release;
		};
/* End XCBuildConfiguration section */

/* Begin XCConfigurationList section */
		890D5ABD1E9B8BBA0022457B /* Build configuration list for PBXProject "ADSA-Coding-Challenge" */ = {
			isa = XCConfigurationList;
			buildConfigurations = (
				890D5AD21E9B8BBA0022457B /* Debug */,
				890D5AD31E9B8BBA0022457B /* Release */,
			);
			defaultConfigurationIsVisible = 0;
			defaultConfigurationName = Release;
		};
		890D5AD41E9B8BBA0022457B /* Build configuration list for PBXNativeTarget "ADSA-Coding-Challenge" */ = {
			isa = XCConfigurationList;
			buildConfigurations = (
				890D5AD51E9B8BBA0022457B /* Debug */,
				890D5AD61E9B8BBA0022457B /* Release */,
			);
			defaultConfigurationIsVisible = 0;
		};
/* End XCConfigurationList section */
	};
	rootObject = 890D5ABA1E9B8BBA0022457B /* Project object */;
}
